// !$*UTF8*$!
{
	archiveVersion = 1;
	classes = {
	};
	objectVersion = 77;
	objects = {

/* Begin PBXBuildFile section */
		4027052B2DB7E9B100FD731E /* scraps.swift in Sources */ = {isa = PBXBuildFile; fileRef = 4027052A2DB7E9B100FD731E /* scraps.swift */; };
		40998F7D2DB688E800B311E7 /* AppDelegate.swift in Sources */ = {isa = PBXBuildFile; fileRef = 40998F432DB688E800B311E7 /* AppDelegate.swift */; };
		40998F7E2DB688E800B311E7 /* ImageViewController.swift in Sources */ = {isa = PBXBuildFile; fileRef = 40998F452DB688E800B311E7 /* ImageViewController.swift */; };
		40998F7F2DB688E800B311E7 /* SelectionViewController.swift in Sources */ = {isa = PBXBuildFile; fileRef = 40998F442DB688E800B311E7 /* SelectionViewController.swift */; };
		40998F802DB688E800B311E7 /* LaunchScreen.xib in Resources */ = {isa = PBXBuildFile; fileRef = 40998F482DB688E800B311E7 /* LaunchScreen.xib */; };
		40998F812DB688E800B311E7 /* IMHO-Thumb.jpg in Resources */ = {isa = PBXBuildFile; fileRef = 40998F562DB688E800B311E7 /* IMHO-Thumb.jpg */; };
		40998F822DB688E800B311E7 /* BTW-Large.jpg in Resources */ = {isa = PBXBuildFile; fileRef = 40998F4D2DB688E800B311E7 /* BTW-Large.jpg */; };
		40998F832DB688E800B311E7 /* LOL-Large.jpg in Resources */ = {isa = PBXBuildFile; fileRef = 40998F612DB688E800B311E7 /* LOL-Large.jpg */; };
		40998F842DB688E800B311E7 /* ROFL-Large.jpg in Resources */ = {isa = PBXBuildFile; fileRef = 40998F692DB688E800B311E7 /* ROFL-Large.jpg */; };
		40998F852DB688E800B311E7 /* BRB-Thumb@2x.jpg in Resources */ = {isa = PBXBuildFile; fileRef = 40998F4B2DB688E800B311E7 /* BRB-Thumb@2x.jpg */; };
		40998F862DB688E800B311E7 /* IRL-Large.jpg in Resources */ = {isa = PBXBuildFile; fileRef = 40998F592DB688E800B311E7 /* IRL-Large.jpg */; };
		40998F872DB688E800B311E7 /* WTF-Large.jpg in Resources */ = {isa = PBXBuildFile; fileRef = 40998F752DB688E800B311E7 /* WTF-Large.jpg */; };
		40998F882DB688E800B311E7 /* LOL-Thumb@3x.jpg in Resources */ = {isa = PBXBuildFile; fileRef = 40998F642DB688E800B311E7 /* LOL-Thumb@3x.jpg */; };
		40998F892DB688E800B311E7 /* IMHO-Large.jpg in Resources */ = {isa = PBXBuildFile; fileRef = 40998F552DB688E800B311E7 /* IMHO-Large.jpg */; };
		40998F8A2DB688E800B311E7 /* BRB-Thumb@3x.jpg in Resources */ = {isa = PBXBuildFile; fileRef = 40998F4C2DB688E800B311E7 /* BRB-Thumb@3x.jpg */; };
		40998F8B2DB688E800B311E7 /* OMG-Thumb@3x.jpg in Resources */ = {isa = PBXBuildFile; fileRef = 40998F682DB688E800B311E7 /* OMG-Thumb@3x.jpg */; };
		40998F8C2DB688E800B311E7 /* IDK-Thumb.jpg in Resources */ = {isa = PBXBuildFile; fileRef = 40998F522DB688E800B311E7 /* IDK-Thumb.jpg */; };
		40998F8D2DB688E800B311E7 /* LMAO-Thumb@3x.jpg in Resources */ = {isa = PBXBuildFile; fileRef = 40998F602DB688E800B311E7 /* LMAO-Thumb@3x.jpg */; };
		40998F8E2DB688E800B311E7 /* LMAO-Thumb.jpg in Resources */ = {isa = PBXBuildFile; fileRef = 40998F5E2DB688E800B311E7 /* LMAO-Thumb.jpg */; };
		40998F8F2DB688E800B311E7 /* BRB-Large.jpg in Resources */ = {isa = PBXBuildFile; fileRef = 40998F492DB688E800B311E7 /* BRB-Large.jpg */; };
		40998F902DB688E800B311E7 /* LOL-Thumb@2x.jpg in Resources */ = {isa = PBXBuildFile; fileRef = 40998F632DB688E800B311E7 /* LOL-Thumb@2x.jpg */; };
		40998F912DB688E800B311E7 /* LMAO-Thumb@2x.jpg in Resources */ = {isa = PBXBuildFile; fileRef = 40998F5F2DB688E800B311E7 /* LMAO-Thumb@2x.jpg */; };
		40998F922DB688E800B311E7 /* ROFL-Thumb@3x.jpg in Resources */ = {isa = PBXBuildFile; fileRef = 40998F6C2DB688E800B311E7 /* ROFL-Thumb@3x.jpg */; };
		40998F932DB688E800B311E7 /* TLDR-Thumb@2x.jpg in Resources */ = {isa = PBXBuildFile; fileRef = 40998F732DB688E800B311E7 /* TLDR-Thumb@2x.jpg */; };
		40998F942DB688E800B311E7 /* IDK-Thumb@3x.jpg in Resources */ = {isa = PBXBuildFile; fileRef = 40998F542DB688E800B311E7 /* IDK-Thumb@3x.jpg */; };
		40998F952DB688E800B311E7 /* WTF-Thumb.jpg in Resources */ = {isa = PBXBuildFile; fileRef = 40998F762DB688E800B311E7 /* WTF-Thumb.jpg */; };
		40998F962DB688E800B311E7 /* RTFM-Large.jpg in Resources */ = {isa = PBXBuildFile; fileRef = 40998F6D2DB688E800B311E7 /* RTFM-Large.jpg */; };
		40998F972DB688E800B311E7 /* RTFM-Thumb@2x.jpg in Resources */ = {isa = PBXBuildFile; fileRef = 40998F6F2DB688E800B311E7 /* RTFM-Thumb@2x.jpg */; };
		40998F982DB688E800B311E7 /* RTFM-Thumb@3x.jpg in Resources */ = {isa = PBXBuildFile; fileRef = 40998F702DB688E800B311E7 /* RTFM-Thumb@3x.jpg */; };
		40998F992DB688E800B311E7 /* WTF-Thumb@3x.jpg in Resources */ = {isa = PBXBuildFile; fileRef = 40998F782DB688E800B311E7 /* WTF-Thumb@3x.jpg */; };
		40998F9A2DB688E800B311E7 /* TLDR-Thumb.jpg in Resources */ = {isa = PBXBuildFile; fileRef = 40998F722DB688E800B311E7 /* TLDR-Thumb.jpg */; };
		40998F9B2DB688E800B311E7 /* OMG-Thumb.jpg in Resources */ = {isa = PBXBuildFile; fileRef = 40998F662DB688E800B311E7 /* OMG-Thumb.jpg */; };
		40998F9C2DB688E800B311E7 /* BTW-Thumb.jpg in Resources */ = {isa = PBXBuildFile; fileRef = 40998F4E2DB688E800B311E7 /* BTW-Thumb.jpg */; };
		40998F9D2DB688E800B311E7 /* TLDR-Thumb@3x.jpg in Resources */ = {isa = PBXBuildFile; fileRef = 40998F742DB688E800B311E7 /* TLDR-Thumb@3x.jpg */; };
		40998F9E2DB688E800B311E7 /* BTW-Thumb@2x.jpg in Resources */ = {isa = PBXBuildFile; fileRef = 40998F4F2DB688E800B311E7 /* BTW-Thumb@2x.jpg */; };
		40998F9F2DB688E800B311E7 /* ROFL-Thumb@2x.jpg in Resources */ = {isa = PBXBuildFile; fileRef = 40998F6B2DB688E800B311E7 /* ROFL-Thumb@2x.jpg */; };
		40998FA02DB688E800B311E7 /* IDK-Thumb@2x.jpg in Resources */ = {isa = PBXBuildFile; fileRef = 40998F532DB688E800B311E7 /* IDK-Thumb@2x.jpg */; };
		40998FA12DB688E800B311E7 /* OMG-Thumb@2x.jpg in Resources */ = {isa = PBXBuildFile; fileRef = 40998F672DB688E800B311E7 /* OMG-Thumb@2x.jpg */; };
		40998FA22DB688E800B311E7 /* IRL-Thumb@2x.jpg in Resources */ = {isa = PBXBuildFile; fileRef = 40998F5B2DB688E800B311E7 /* IRL-Thumb@2x.jpg */; };
		40998FA32DB688E800B311E7 /* Images.xcassets in Resources */ = {isa = PBXBuildFile; fileRef = 40998F462DB688E800B311E7 /* Images.xcassets */; };
		40998FA42DB688E800B311E7 /* IRL-Thumb@3x.jpg in Resources */ = {isa = PBXBuildFile; fileRef = 40998F5C2DB688E800B311E7 /* IRL-Thumb@3x.jpg */; };
		40998FA52DB688E800B311E7 /* RTFM-Thumb.jpg in Resources */ = {isa = PBXBuildFile; fileRef = 40998F6E2DB688E800B311E7 /* RTFM-Thumb.jpg */; };
		40998FA62DB688E800B311E7 /* LMAO-Large.jpg in Resources */ = {isa = PBXBuildFile; fileRef = 40998F5D2DB688E800B311E7 /* LMAO-Large.jpg */; };
		40998FA72DB688E800B311E7 /* ROFL-Thumb.jpg in Resources */ = {isa = PBXBuildFile; fileRef = 40998F6A2DB688E800B311E7 /* ROFL-Thumb.jpg */; };
		40998FA82DB688E800B311E7 /* TLDR-Large.jpg in Resources */ = {isa = PBXBuildFile; fileRef = 40998F712DB688E800B311E7 /* TLDR-Large.jpg */; };
		40998FA92DB688E800B311E7 /* BRB-Thumb.jpg in Resources */ = {isa = PBXBuildFile; fileRef = 40998F4A2DB688E800B311E7 /* BRB-Thumb.jpg */; };
		40998FAA2DB688E800B311E7 /* OMG-Large.jpg in Resources */ = {isa = PBXBuildFile; fileRef = 40998F652DB688E800B311E7 /* OMG-Large.jpg */; };
		40998FAC2DB688E800B311E7 /* LOL-Thumb.jpg in Resources */ = {isa = PBXBuildFile; fileRef = 40998F622DB688E800B311E7 /* LOL-Thumb.jpg */; };
		40998FAD2DB688E800B311E7 /* IDK-Large.jpg in Resources */ = {isa = PBXBuildFile; fileRef = 40998F512DB688E800B311E7 /* IDK-Large.jpg */; };
		40998FAE2DB688E800B311E7 /* IMHO-Thumb@3x.jpg in Resources */ = {isa = PBXBuildFile; fileRef = 40998F582DB688E800B311E7 /* IMHO-Thumb@3x.jpg */; };
		40998FAF2DB688E800B311E7 /* BTW-Thumb@3x.jpg in Resources */ = {isa = PBXBuildFile; fileRef = 40998F502DB688E800B311E7 /* BTW-Thumb@3x.jpg */; };
		40998FB02DB688E800B311E7 /* WTF-Thumb@2x.jpg in Resources */ = {isa = PBXBuildFile; fileRef = 40998F772DB688E800B311E7 /* WTF-Thumb@2x.jpg */; };
		40998FB12DB688E800B311E7 /* IMHO-Thumb@2x.jpg in Resources */ = {isa = PBXBuildFile; fileRef = 40998F572DB688E800B311E7 /* IMHO-Thumb@2x.jpg */; };
		40998FB22DB688E800B311E7 /* IRL-Thumb.jpg in Resources */ = {isa = PBXBuildFile; fileRef = 40998F5A2DB688E800B311E7 /* IRL-Thumb.jpg */; };
		40D0DBA62DC531D00077FAA5 /* Constants+Utils.swift in Sources */ = {isa = PBXBuildFile; fileRef = 40D0DBA52DC531D00077FAA5 /* Constants+Utils.swift */; };
		40D0DBA92DC532B00077FAA5 /* String+Ext.swift in Sources */ = {isa = PBXBuildFile; fileRef = 40D0DBA82DC532B00077FAA5 /* String+Ext.swift */; };
/* End PBXBuildFile section */

/* Begin PBXContainerItemProxy section */
		40998F262DB6885400B311E7 /* PBXContainerItemProxy */ = {
			isa = PBXContainerItemProxy;
			containerPortal = 40998F042DB6884E00B311E7 /* Project object */;
			proxyType = 1;
			remoteGlobalIDString = 40998F0B2DB6884E00B311E7;
			remoteInfo = "Project30-BugDetective";
		};
		40998F302DB6885400B311E7 /* PBXContainerItemProxy */ = {
			isa = PBXContainerItemProxy;
			containerPortal = 40998F042DB6884E00B311E7 /* Project object */;
			proxyType = 1;
			remoteGlobalIDString = 40998F0B2DB6884E00B311E7;
			remoteInfo = "Project30-BugDetective";
		};
/* End PBXContainerItemProxy section */

/* Begin PBXFileReference section */
		4027052A2DB7E9B100FD731E /* scraps.swift */ = {isa = PBXFileReference; lastKnownFileType = sourcecode.swift; path = scraps.swift; sourceTree = "<group>"; };
		40998F0C2DB6884E00B311E7 /* Project30-BugDetective.app */ = {isa = PBXFileReference; explicitFileType = wrapper.application; includeInIndex = 0; path = "Project30-BugDetective.app"; sourceTree = BUILT_PRODUCTS_DIR; };
		40998F252DB6885400B311E7 /* Project30-BugDetectiveTests.xctest */ = {isa = PBXFileReference; explicitFileType = wrapper.cfbundle; includeInIndex = 0; path = "Project30-BugDetectiveTests.xctest"; sourceTree = BUILT_PRODUCTS_DIR; };
		40998F2F2DB6885400B311E7 /* Project30-BugDetectiveUITests.xctest */ = {isa = PBXFileReference; explicitFileType = wrapper.cfbundle; includeInIndex = 0; path = "Project30-BugDetectiveUITests.xctest"; sourceTree = BUILT_PRODUCTS_DIR; };
		40998F432DB688E800B311E7 /* AppDelegate.swift */ = {isa = PBXFileReference; lastKnownFileType = sourcecode.swift; path = AppDelegate.swift; sourceTree = "<group>"; };
		40998F442DB688E800B311E7 /* SelectionViewController.swift */ = {isa = PBXFileReference; lastKnownFileType = sourcecode.swift; path = SelectionViewController.swift; sourceTree = "<group>"; };
		40998F452DB688E800B311E7 /* ImageViewController.swift */ = {isa = PBXFileReference; lastKnownFileType = sourcecode.swift; path = ImageViewController.swift; sourceTree = "<group>"; };
		40998F462DB688E800B311E7 /* Images.xcassets */ = {isa = PBXFileReference; lastKnownFileType = folder.assetcatalog; path = Images.xcassets; sourceTree = "<group>"; };
		40998F472DB688E800B311E7 /* LaunchScreen.xib */ = {isa = PBXFileReference; lastKnownFileType = file.xib; name = LaunchScreen.xib; path = Base.lproj/LaunchScreen.xib; sourceTree = "<group>"; };
		40998F492DB688E800B311E7 /* BRB-Large.jpg */ = {isa = PBXFileReference; lastKnownFileType = image.jpeg; path = "BRB-Large.jpg"; sourceTree = "<group>"; };
		40998F4A2DB688E800B311E7 /* BRB-Thumb.jpg */ = {isa = PBXFileReference; lastKnownFileType = image.jpeg; path = "BRB-Thumb.jpg"; sourceTree = "<group>"; };
		40998F4B2DB688E800B311E7 /* BRB-Thumb@2x.jpg */ = {isa = PBXFileReference; lastKnownFileType = image.jpeg; path = "BRB-Thumb@2x.jpg"; sourceTree = "<group>"; };
		40998F4C2DB688E800B311E7 /* BRB-Thumb@3x.jpg */ = {isa = PBXFileReference; lastKnownFileType = image.jpeg; path = "BRB-Thumb@3x.jpg"; sourceTree = "<group>"; };
		40998F4D2DB688E800B311E7 /* BTW-Large.jpg */ = {isa = PBXFileReference; lastKnownFileType = image.jpeg; path = "BTW-Large.jpg"; sourceTree = "<group>"; };
		40998F4E2DB688E800B311E7 /* BTW-Thumb.jpg */ = {isa = PBXFileReference; lastKnownFileType = image.jpeg; path = "BTW-Thumb.jpg"; sourceTree = "<group>"; };
		40998F4F2DB688E800B311E7 /* BTW-Thumb@2x.jpg */ = {isa = PBXFileReference; lastKnownFileType = image.jpeg; path = "BTW-Thumb@2x.jpg"; sourceTree = "<group>"; };
		40998F502DB688E800B311E7 /* BTW-Thumb@3x.jpg */ = {isa = PBXFileReference; lastKnownFileType = image.jpeg; path = "BTW-Thumb@3x.jpg"; sourceTree = "<group>"; };
		40998F512DB688E800B311E7 /* IDK-Large.jpg */ = {isa = PBXFileReference; lastKnownFileType = image.jpeg; path = "IDK-Large.jpg"; sourceTree = "<group>"; };
		40998F522DB688E800B311E7 /* IDK-Thumb.jpg */ = {isa = PBXFileReference; lastKnownFileType = image.jpeg; path = "IDK-Thumb.jpg"; sourceTree = "<group>"; };
		40998F532DB688E800B311E7 /* IDK-Thumb@2x.jpg */ = {isa = PBXFileReference; lastKnownFileType = image.jpeg; path = "IDK-Thumb@2x.jpg"; sourceTree = "<group>"; };
		40998F542DB688E800B311E7 /* IDK-Thumb@3x.jpg */ = {isa = PBXFileReference; lastKnownFileType = image.jpeg; path = "IDK-Thumb@3x.jpg"; sourceTree = "<group>"; };
		40998F552DB688E800B311E7 /* IMHO-Large.jpg */ = {isa = PBXFileReference; lastKnownFileType = image.jpeg; path = "IMHO-Large.jpg"; sourceTree = "<group>"; };
		40998F562DB688E800B311E7 /* IMHO-Thumb.jpg */ = {isa = PBXFileReference; lastKnownFileType = image.jpeg; path = "IMHO-Thumb.jpg"; sourceTree = "<group>"; };
		40998F572DB688E800B311E7 /* IMHO-Thumb@2x.jpg */ = {isa = PBXFileReference; lastKnownFileType = image.jpeg; path = "IMHO-Thumb@2x.jpg"; sourceTree = "<group>"; };
		40998F582DB688E800B311E7 /* IMHO-Thumb@3x.jpg */ = {isa = PBXFileReference; lastKnownFileType = image.jpeg; path = "IMHO-Thumb@3x.jpg"; sourceTree = "<group>"; };
		40998F592DB688E800B311E7 /* IRL-Large.jpg */ = {isa = PBXFileReference; lastKnownFileType = image.jpeg; path = "IRL-Large.jpg"; sourceTree = "<group>"; };
		40998F5A2DB688E800B311E7 /* IRL-Thumb.jpg */ = {isa = PBXFileReference; lastKnownFileType = image.jpeg; path = "IRL-Thumb.jpg"; sourceTree = "<group>"; };
		40998F5B2DB688E800B311E7 /* IRL-Thumb@2x.jpg */ = {isa = PBXFileReference; lastKnownFileType = image.jpeg; path = "IRL-Thumb@2x.jpg"; sourceTree = "<group>"; };
		40998F5C2DB688E800B311E7 /* IRL-Thumb@3x.jpg */ = {isa = PBXFileReference; lastKnownFileType = image.jpeg; path = "IRL-Thumb@3x.jpg"; sourceTree = "<group>"; };
		40998F5D2DB688E800B311E7 /* LMAO-Large.jpg */ = {isa = PBXFileReference; lastKnownFileType = image.jpeg; path = "LMAO-Large.jpg"; sourceTree = "<group>"; };
		40998F5E2DB688E800B311E7 /* LMAO-Thumb.jpg */ = {isa = PBXFileReference; lastKnownFileType = image.jpeg; path = "LMAO-Thumb.jpg"; sourceTree = "<group>"; };
		40998F5F2DB688E800B311E7 /* LMAO-Thumb@2x.jpg */ = {isa = PBXFileReference; lastKnownFileType = image.jpeg; path = "LMAO-Thumb@2x.jpg"; sourceTree = "<group>"; };
		40998F602DB688E800B311E7 /* LMAO-Thumb@3x.jpg */ = {isa = PBXFileReference; lastKnownFileType = image.jpeg; path = "LMAO-Thumb@3x.jpg"; sourceTree = "<group>"; };
		40998F612DB688E800B311E7 /* LOL-Large.jpg */ = {isa = PBXFileReference; lastKnownFileType = image.jpeg; path = "LOL-Large.jpg"; sourceTree = "<group>"; };
		40998F622DB688E800B311E7 /* LOL-Thumb.jpg */ = {isa = PBXFileReference; lastKnownFileType = image.jpeg; path = "LOL-Thumb.jpg"; sourceTree = "<group>"; };
		40998F632DB688E800B311E7 /* LOL-Thumb@2x.jpg */ = {isa = PBXFileReference; lastKnownFileType = image.jpeg; path = "LOL-Thumb@2x.jpg"; sourceTree = "<group>"; };
		40998F642DB688E800B311E7 /* LOL-Thumb@3x.jpg */ = {isa = PBXFileReference; lastKnownFileType = image.jpeg; path = "LOL-Thumb@3x.jpg"; sourceTree = "<group>"; };
		40998F652DB688E800B311E7 /* OMG-Large.jpg */ = {isa = PBXFileReference; lastKnownFileType = image.jpeg; path = "OMG-Large.jpg"; sourceTree = "<group>"; };
		40998F662DB688E800B311E7 /* OMG-Thumb.jpg */ = {isa = PBXFileReference; lastKnownFileType = image.jpeg; path = "OMG-Thumb.jpg"; sourceTree = "<group>"; };
		40998F672DB688E800B311E7 /* OMG-Thumb@2x.jpg */ = {isa = PBXFileReference; lastKnownFileType = image.jpeg; path = "OMG-Thumb@2x.jpg"; sourceTree = "<group>"; };
		40998F682DB688E800B311E7 /* OMG-Thumb@3x.jpg */ = {isa = PBXFileReference; lastKnownFileType = image.jpeg; path = "OMG-Thumb@3x.jpg"; sourceTree = "<group>"; };
		40998F692DB688E800B311E7 /* ROFL-Large.jpg */ = {isa = PBXFileReference; lastKnownFileType = image.jpeg; path = "ROFL-Large.jpg"; sourceTree = "<group>"; };
		40998F6A2DB688E800B311E7 /* ROFL-Thumb.jpg */ = {isa = PBXFileReference; lastKnownFileType = image.jpeg; path = "ROFL-Thumb.jpg"; sourceTree = "<group>"; };
		40998F6B2DB688E800B311E7 /* ROFL-Thumb@2x.jpg */ = {isa = PBXFileReference; lastKnownFileType = image.jpeg; path = "ROFL-Thumb@2x.jpg"; sourceTree = "<group>"; };
		40998F6C2DB688E800B311E7 /* ROFL-Thumb@3x.jpg */ = {isa = PBXFileReference; lastKnownFileType = image.jpeg; path = "ROFL-Thumb@3x.jpg"; sourceTree = "<group>"; };
		40998F6D2DB688E800B311E7 /* RTFM-Large.jpg */ = {isa = PBXFileReference; lastKnownFileType = image.jpeg; path = "RTFM-Large.jpg"; sourceTree = "<group>"; };
		40998F6E2DB688E800B311E7 /* RTFM-Thumb.jpg */ = {isa = PBXFileReference; lastKnownFileType = image.jpeg; path = "RTFM-Thumb.jpg"; sourceTree = "<group>"; };
		40998F6F2DB688E800B311E7 /* RTFM-Thumb@2x.jpg */ = {isa = PBXFileReference; lastKnownFileType = image.jpeg; path = "RTFM-Thumb@2x.jpg"; sourceTree = "<group>"; };
		40998F702DB688E800B311E7 /* RTFM-Thumb@3x.jpg */ = {isa = PBXFileReference; lastKnownFileType = image.jpeg; path = "RTFM-Thumb@3x.jpg"; sourceTree = "<group>"; };
		40998F712DB688E800B311E7 /* TLDR-Large.jpg */ = {isa = PBXFileReference; lastKnownFileType = image.jpeg; path = "TLDR-Large.jpg"; sourceTree = "<group>"; };
		40998F722DB688E800B311E7 /* TLDR-Thumb.jpg */ = {isa = PBXFileReference; lastKnownFileType = image.jpeg; path = "TLDR-Thumb.jpg"; sourceTree = "<group>"; };
		40998F732DB688E800B311E7 /* TLDR-Thumb@2x.jpg */ = {isa = PBXFileReference; lastKnownFileType = image.jpeg; path = "TLDR-Thumb@2x.jpg"; sourceTree = "<group>"; };
		40998F742DB688E800B311E7 /* TLDR-Thumb@3x.jpg */ = {isa = PBXFileReference; lastKnownFileType = image.jpeg; path = "TLDR-Thumb@3x.jpg"; sourceTree = "<group>"; };
		40998F752DB688E800B311E7 /* WTF-Large.jpg */ = {isa = PBXFileReference; lastKnownFileType = image.jpeg; path = "WTF-Large.jpg"; sourceTree = "<group>"; };
		40998F762DB688E800B311E7 /* WTF-Thumb.jpg */ = {isa = PBXFileReference; lastKnownFileType = image.jpeg; path = "WTF-Thumb.jpg"; sourceTree = "<group>"; };
		40998F772DB688E800B311E7 /* WTF-Thumb@2x.jpg */ = {isa = PBXFileReference; lastKnownFileType = image.jpeg; path = "WTF-Thumb@2x.jpg"; sourceTree = "<group>"; };
		40998F782DB688E800B311E7 /* WTF-Thumb@3x.jpg */ = {isa = PBXFileReference; lastKnownFileType = image.jpeg; path = "WTF-Thumb@3x.jpg"; sourceTree = "<group>"; };
		40998F7A2DB688E800B311E7 /* Info.plist */ = {isa = PBXFileReference; lastKnownFileType = text.plist.xml; path = Info.plist; sourceTree = "<group>"; };
		40D0DBA52DC531D00077FAA5 /* Constants+Utils.swift */ = {isa = PBXFileReference; lastKnownFileType = sourcecode.swift; path = "Constants+Utils.swift"; sourceTree = "<group>"; };
		40D0DBA82DC532B00077FAA5 /* String+Ext.swift */ = {isa = PBXFileReference; lastKnownFileType = sourcecode.swift; path = "String+Ext.swift"; sourceTree = "<group>"; };
/* End PBXFileReference section */

/* Begin PBXFileSystemSynchronizedRootGroup section */
		40998F282DB6885400B311E7 /* Project30-BugDetectiveTests */ = {
			isa = PBXFileSystemSynchronizedRootGroup;
			path = "Project30-BugDetectiveTests";
			sourceTree = "<group>";
		};
		40998F322DB6885400B311E7 /* Project30-BugDetectiveUITests */ = {
			isa = PBXFileSystemSynchronizedRootGroup;
			path = "Project30-BugDetectiveUITests";
			sourceTree = "<group>";
		};
/* End PBXFileSystemSynchronizedRootGroup section */

/* Begin PBXFrameworksBuildPhase section */
		40998F092DB6884E00B311E7 /* Frameworks */ = {
			isa = PBXFrameworksBuildPhase;
			buildActionMask = 2147483647;
			files = (
			);
			runOnlyForDeploymentPostprocessing = 0;
		};
		40998F222DB6885400B311E7 /* Frameworks */ = {
			isa = PBXFrameworksBuildPhase;
			buildActionMask = 2147483647;
			files = (
			);
			runOnlyForDeploymentPostprocessing = 0;
		};
		40998F2C2DB6885400B311E7 /* Frameworks */ = {
			isa = PBXFrameworksBuildPhase;
			buildActionMask = 2147483647;
			files = (
			);
			runOnlyForDeploymentPostprocessing = 0;
		};
/* End PBXFrameworksBuildPhase section */

/* Begin PBXGroup section */
		40998F032DB6884E00B311E7 = {
			isa = PBXGroup;
			children = (
				40998F7C2DB688E800B311E7 /* Project30 */,
				40998F282DB6885400B311E7 /* Project30-BugDetectiveTests */,
				40998F322DB6885400B311E7 /* Project30-BugDetectiveUITests */,
				40998F0D2DB6884E00B311E7 /* Products */,
			);
			sourceTree = "<group>";
		};
		40998F0D2DB6884E00B311E7 /* Products */ = {
			isa = PBXGroup;
			children = (
				40998F0C2DB6884E00B311E7 /* Project30-BugDetective.app */,
				40998F252DB6885400B311E7 /* Project30-BugDetectiveTests.xctest */,
				40998F2F2DB6885400B311E7 /* Project30-BugDetectiveUITests.xctest */,
			);
			name = Products;
			sourceTree = "<group>";
		};
		40998F792DB688E800B311E7 /* Content */ = {
			isa = PBXGroup;
			children = (
				40998F492DB688E800B311E7 /* BRB-Large.jpg */,
				40998F4A2DB688E800B311E7 /* BRB-Thumb.jpg */,
				40998F4B2DB688E800B311E7 /* BRB-Thumb@2x.jpg */,
				40998F4C2DB688E800B311E7 /* BRB-Thumb@3x.jpg */,
				40998F4D2DB688E800B311E7 /* BTW-Large.jpg */,
				40998F4E2DB688E800B311E7 /* BTW-Thumb.jpg */,
				40998F4F2DB688E800B311E7 /* BTW-Thumb@2x.jpg */,
				40998F502DB688E800B311E7 /* BTW-Thumb@3x.jpg */,
				40998F512DB688E800B311E7 /* IDK-Large.jpg */,
				40998F522DB688E800B311E7 /* IDK-Thumb.jpg */,
				40998F532DB688E800B311E7 /* IDK-Thumb@2x.jpg */,
				40998F542DB688E800B311E7 /* IDK-Thumb@3x.jpg */,
				40998F552DB688E800B311E7 /* IMHO-Large.jpg */,
				40998F562DB688E800B311E7 /* IMHO-Thumb.jpg */,
				40998F572DB688E800B311E7 /* IMHO-Thumb@2x.jpg */,
				40998F582DB688E800B311E7 /* IMHO-Thumb@3x.jpg */,
				40998F592DB688E800B311E7 /* IRL-Large.jpg */,
				40998F5A2DB688E800B311E7 /* IRL-Thumb.jpg */,
				40998F5B2DB688E800B311E7 /* IRL-Thumb@2x.jpg */,
				40998F5C2DB688E800B311E7 /* IRL-Thumb@3x.jpg */,
				40998F5D2DB688E800B311E7 /* LMAO-Large.jpg */,
				40998F5E2DB688E800B311E7 /* LMAO-Thumb.jpg */,
				40998F5F2DB688E800B311E7 /* LMAO-Thumb@2x.jpg */,
				40998F602DB688E800B311E7 /* LMAO-Thumb@3x.jpg */,
				40998F612DB688E800B311E7 /* LOL-Large.jpg */,
				40998F622DB688E800B311E7 /* LOL-Thumb.jpg */,
				40998F632DB688E800B311E7 /* LOL-Thumb@2x.jpg */,
				40998F642DB688E800B311E7 /* LOL-Thumb@3x.jpg */,
				40998F652DB688E800B311E7 /* OMG-Large.jpg */,
				40998F662DB688E800B311E7 /* OMG-Thumb.jpg */,
				40998F672DB688E800B311E7 /* OMG-Thumb@2x.jpg */,
				40998F682DB688E800B311E7 /* OMG-Thumb@3x.jpg */,
				40998F692DB688E800B311E7 /* ROFL-Large.jpg */,
				40998F6A2DB688E800B311E7 /* ROFL-Thumb.jpg */,
				40998F6B2DB688E800B311E7 /* ROFL-Thumb@2x.jpg */,
				40998F6C2DB688E800B311E7 /* ROFL-Thumb@3x.jpg */,
				40998F6D2DB688E800B311E7 /* RTFM-Large.jpg */,
				40998F6E2DB688E800B311E7 /* RTFM-Thumb.jpg */,
				40998F6F2DB688E800B311E7 /* RTFM-Thumb@2x.jpg */,
				40998F702DB688E800B311E7 /* RTFM-Thumb@3x.jpg */,
				40998F712DB688E800B311E7 /* TLDR-Large.jpg */,
				40998F722DB688E800B311E7 /* TLDR-Thumb.jpg */,
				40998F732DB688E800B311E7 /* TLDR-Thumb@2x.jpg */,
				40998F742DB688E800B311E7 /* TLDR-Thumb@3x.jpg */,
				40998F752DB688E800B311E7 /* WTF-Large.jpg */,
				40998F762DB688E800B311E7 /* WTF-Thumb.jpg */,
				40998F772DB688E800B311E7 /* WTF-Thumb@2x.jpg */,
				40998F782DB688E800B311E7 /* WTF-Thumb@3x.jpg */,
			);
			path = Content;
			sourceTree = "<group>";
		};
		40998F7B2DB688E800B311E7 /* Supporting Files */ = {
			isa = PBXGroup;
			children = (
				40998F432DB688E800B311E7 /* AppDelegate.swift */,
				4027052A2DB7E9B100FD731E /* scraps.swift */,
				40998F482DB688E800B311E7 /* LaunchScreen.xib */,
				40998F792DB688E800B311E7 /* Content */,
				40998F7A2DB688E800B311E7 /* Info.plist */,
			);
			name = "Supporting Files";
			sourceTree = "<group>";
		};
		40998F7C2DB688E800B311E7 /* Project30 */ = {
			isa = PBXGroup;
			children = (
				40D0DBA72DC5329C0077FAA5 /* Extensions */,
				40D0DBA42DC531BB0077FAA5 /* Utilities */,
				40D0DBA32DC5313F0077FAA5 /* Screens */,
				40998F462DB688E800B311E7 /* Images.xcassets */,
				40998F7B2DB688E800B311E7 /* Supporting Files */,
			);
			path = Project30;
			sourceTree = "<group>";
		};
		40D0DBA32DC5313F0077FAA5 /* Screens */ = {
			isa = PBXGroup;
			children = (
				40998F442DB688E800B311E7 /* SelectionViewController.swift */,
				40998F452DB688E800B311E7 /* ImageViewController.swift */,
			);
			path = Screens;
			sourceTree = "<group>";
		};
		40D0DBA42DC531BB0077FAA5 /* Utilities */ = {
			isa = PBXGroup;
			children = (
				40D0DBA52DC531D00077FAA5 /* Constants+Utils.swift */,
			);
			path = Utilities;
			sourceTree = "<group>";
		};
		40D0DBA72DC5329C0077FAA5 /* Extensions */ = {
			isa = PBXGroup;
			children = (
				40D0DBA82DC532B00077FAA5 /* String+Ext.swift */,
			);
			path = Extensions;
			sourceTree = "<group>";
		};
/* End PBXGroup section */

/* Begin PBXNativeTarget section */
		40998F0B2DB6884E00B311E7 /* Project30-BugDetective */ = {
			isa = PBXNativeTarget;
			buildConfigurationList = 40998F382DB6885400B311E7 /* Build configuration list for PBXNativeTarget "Project30-BugDetective" */;
			buildPhases = (
				40998F082DB6884E00B311E7 /* Sources */,
				40998F092DB6884E00B311E7 /* Frameworks */,
				40998F0A2DB6884E00B311E7 /* Resources */,
			);
			buildRules = (
			);
			dependencies = (
			);
			name = "Project30-BugDetective";
			packageProductDependencies = (
			);
			productName = "Project30-BugDetective";
			productReference = 40998F0C2DB6884E00B311E7 /* Project30-BugDetective.app */;
			productType = "com.apple.product-type.application";
		};
		40998F242DB6885400B311E7 /* Project30-BugDetectiveTests */ = {
			isa = PBXNativeTarget;
			buildConfigurationList = 40998F3D2DB6885400B311E7 /* Build configuration list for PBXNativeTarget "Project30-BugDetectiveTests" */;
			buildPhases = (
				40998F212DB6885400B311E7 /* Sources */,
				40998F222DB6885400B311E7 /* Frameworks */,
				40998F232DB6885400B311E7 /* Resources */,
			);
			buildRules = (
			);
			dependencies = (
				40998F272DB6885400B311E7 /* PBXTargetDependency */,
			);
			fileSystemSynchronizedGroups = (
				40998F282DB6885400B311E7 /* Project30-BugDetectiveTests */,
			);
			name = "Project30-BugDetectiveTests";
			packageProductDependencies = (
			);
			productName = "Project30-BugDetectiveTests";
			productReference = 40998F252DB6885400B311E7 /* Project30-BugDetectiveTests.xctest */;
			productType = "com.apple.product-type.bundle.unit-test";
		};
		40998F2E2DB6885400B311E7 /* Project30-BugDetectiveUITests */ = {
			isa = PBXNativeTarget;
			buildConfigurationList = 40998F402DB6885400B311E7 /* Build configuration list for PBXNativeTarget "Project30-BugDetectiveUITests" */;
			buildPhases = (
				40998F2B2DB6885400B311E7 /* Sources */,
				40998F2C2DB6885400B311E7 /* Frameworks */,
				40998F2D2DB6885400B311E7 /* Resources */,
			);
			buildRules = (
			);
			dependencies = (
				40998F312DB6885400B311E7 /* PBXTargetDependency */,
			);
			fileSystemSynchronizedGroups = (
				40998F322DB6885400B311E7 /* Project30-BugDetectiveUITests */,
			);
			name = "Project30-BugDetectiveUITests";
			packageProductDependencies = (
			);
			productName = "Project30-BugDetectiveUITests";
			productReference = 40998F2F2DB6885400B311E7 /* Project30-BugDetectiveUITests.xctest */;
			productType = "com.apple.product-type.bundle.ui-testing";
		};
/* End PBXNativeTarget section */

/* Begin PBXProject section */
		40998F042DB6884E00B311E7 /* Project object */ = {
			isa = PBXProject;
			attributes = {
				BuildIndependentTargetsInParallel = 1;
				LastSwiftUpdateCheck = 1620;
				LastUpgradeCheck = 1620;
				TargetAttributes = {
					40998F0B2DB6884E00B311E7 = {
						CreatedOnToolsVersion = 16.2;
					};
					40998F242DB6885400B311E7 = {
						CreatedOnToolsVersion = 16.2;
						TestTargetID = 40998F0B2DB6884E00B311E7;
					};
					40998F2E2DB6885400B311E7 = {
						CreatedOnToolsVersion = 16.2;
						TestTargetID = 40998F0B2DB6884E00B311E7;
					};
				};
			};
			buildConfigurationList = 40998F072DB6884E00B311E7 /* Build configuration list for PBXProject "Project30-BugDetective" */;
			developmentRegion = en;
			hasScannedForEncodings = 0;
			knownRegions = (
				en,
				Base,
			);
			mainGroup = 40998F032DB6884E00B311E7;
			minimizedProjectReferenceProxies = 1;
			preferredProjectObjectVersion = 77;
			productRefGroup = 40998F0D2DB6884E00B311E7 /* Products */;
			projectDirPath = "";
			projectRoot = "";
			targets = (
				40998F0B2DB6884E00B311E7 /* Project30-BugDetective */,
				40998F242DB6885400B311E7 /* Project30-BugDetectiveTests */,
				40998F2E2DB6885400B311E7 /* Project30-BugDetectiveUITests */,
			);
		};
/* End PBXProject section */

/* Begin PBXResourcesBuildPhase section */
		40998F0A2DB6884E00B311E7 /* Resources */ = {
			isa = PBXResourcesBuildPhase;
			buildActionMask = 2147483647;
			files = (
				40998F802DB688E800B311E7 /* LaunchScreen.xib in Resources */,
				40998F812DB688E800B311E7 /* IMHO-Thumb.jpg in Resources */,
				40998F822DB688E800B311E7 /* BTW-Large.jpg in Resources */,
				40998F832DB688E800B311E7 /* LOL-Large.jpg in Resources */,
				40998F842DB688E800B311E7 /* ROFL-Large.jpg in Resources */,
				40998F852DB688E800B311E7 /* BRB-Thumb@2x.jpg in Resources */,
				40998F862DB688E800B311E7 /* IRL-Large.jpg in Resources */,
				40998F872DB688E800B311E7 /* WTF-Large.jpg in Resources */,
				40998F882DB688E800B311E7 /* LOL-Thumb@3x.jpg in Resources */,
				40998F892DB688E800B311E7 /* IMHO-Large.jpg in Resources */,
				40998F8A2DB688E800B311E7 /* BRB-Thumb@3x.jpg in Resources */,
				40998F8B2DB688E800B311E7 /* OMG-Thumb@3x.jpg in Resources */,
				40998F8C2DB688E800B311E7 /* IDK-Thumb.jpg in Resources */,
				40998F8D2DB688E800B311E7 /* LMAO-Thumb@3x.jpg in Resources */,
				40998F8E2DB688E800B311E7 /* LMAO-Thumb.jpg in Resources */,
				40998F8F2DB688E800B311E7 /* BRB-Large.jpg in Resources */,
				40998F902DB688E800B311E7 /* LOL-Thumb@2x.jpg in Resources */,
				40998F912DB688E800B311E7 /* LMAO-Thumb@2x.jpg in Resources */,
				40998F922DB688E800B311E7 /* ROFL-Thumb@3x.jpg in Resources */,
				40998F932DB688E800B311E7 /* TLDR-Thumb@2x.jpg in Resources */,
				40998F942DB688E800B311E7 /* IDK-Thumb@3x.jpg in Resources */,
				40998F952DB688E800B311E7 /* WTF-Thumb.jpg in Resources */,
				40998F962DB688E800B311E7 /* RTFM-Large.jpg in Resources */,
				40998F972DB688E800B311E7 /* RTFM-Thumb@2x.jpg in Resources */,
				40998F982DB688E800B311E7 /* RTFM-Thumb@3x.jpg in Resources */,
				40998F992DB688E800B311E7 /* WTF-Thumb@3x.jpg in Resources */,
				40998F9A2DB688E800B311E7 /* TLDR-Thumb.jpg in Resources */,
				40998F9B2DB688E800B311E7 /* OMG-Thumb.jpg in Resources */,
				40998F9C2DB688E800B311E7 /* BTW-Thumb.jpg in Resources */,
				40998F9D2DB688E800B311E7 /* TLDR-Thumb@3x.jpg in Resources */,
				40998F9E2DB688E800B311E7 /* BTW-Thumb@2x.jpg in Resources */,
				40998F9F2DB688E800B311E7 /* ROFL-Thumb@2x.jpg in Resources */,
				40998FA02DB688E800B311E7 /* IDK-Thumb@2x.jpg in Resources */,
				40998FA12DB688E800B311E7 /* OMG-Thumb@2x.jpg in Resources */,
				40998FA22DB688E800B311E7 /* IRL-Thumb@2x.jpg in Resources */,
				40998FA32DB688E800B311E7 /* Images.xcassets in Resources */,
				40998FA42DB688E800B311E7 /* IRL-Thumb@3x.jpg in Resources */,
				40998FA52DB688E800B311E7 /* RTFM-Thumb.jpg in Resources */,
				40998FA62DB688E800B311E7 /* LMAO-Large.jpg in Resources */,
				40998FA72DB688E800B311E7 /* ROFL-Thumb.jpg in Resources */,
				40998FA82DB688E800B311E7 /* TLDR-Large.jpg in Resources */,
				40998FA92DB688E800B311E7 /* BRB-Thumb.jpg in Resources */,
				40998FAA2DB688E800B311E7 /* OMG-Large.jpg in Resources */,
				40998FAC2DB688E800B311E7 /* LOL-Thumb.jpg in Resources */,
				40998FAD2DB688E800B311E7 /* IDK-Large.jpg in Resources */,
				40998FAE2DB688E800B311E7 /* IMHO-Thumb@3x.jpg in Resources */,
				40998FAF2DB688E800B311E7 /* BTW-Thumb@3x.jpg in Resources */,
				40998FB02DB688E800B311E7 /* WTF-Thumb@2x.jpg in Resources */,
				40998FB12DB688E800B311E7 /* IMHO-Thumb@2x.jpg in Resources */,
				40998FB22DB688E800B311E7 /* IRL-Thumb.jpg in Resources */,
			);
			runOnlyForDeploymentPostprocessing = 0;
		};
		40998F232DB6885400B311E7 /* Resources */ = {
			isa = PBXResourcesBuildPhase;
			buildActionMask = 2147483647;
			files = (
			);
			runOnlyForDeploymentPostprocessing = 0;
		};
		40998F2D2DB6885400B311E7 /* Resources */ = {
			isa = PBXResourcesBuildPhase;
			buildActionMask = 2147483647;
			files = (
			);
			runOnlyForDeploymentPostprocessing = 0;
		};
/* End PBXResourcesBuildPhase section */

/* Begin PBXSourcesBuildPhase section */
		40998F082DB6884E00B311E7 /* Sources */ = {
			isa = PBXSourcesBuildPhase;
			buildActionMask = 2147483647;
			files = (
				40D0DBA92DC532B00077FAA5 /* String+Ext.swift in Sources */,
				40998F7D2DB688E800B311E7 /* AppDelegate.swift in Sources */,
				40998F7E2DB688E800B311E7 /* ImageViewController.swift in Sources */,
				40998F7F2DB688E800B311E7 /* SelectionViewController.swift in Sources */,
				40D0DBA62DC531D00077FAA5 /* Constants+Utils.swift in Sources */,
				4027052B2DB7E9B100FD731E /* scraps.swift in Sources */,
			);
			runOnlyForDeploymentPostprocessing = 0;
		};
		40998F212DB6885400B311E7 /* Sources */ = {
			isa = PBXSourcesBuildPhase;
			buildActionMask = 2147483647;
			files = (
			);
			runOnlyForDeploymentPostprocessing = 0;
		};
		40998F2B2DB6885400B311E7 /* Sources */ = {
			isa = PBXSourcesBuildPhase;
			buildActionMask = 2147483647;
			files = (
			);
			runOnlyForDeploymentPostprocessing = 0;
		};
/* End PBXSourcesBuildPhase section */

/* Begin PBXTargetDependency section */
		40998F272DB6885400B311E7 /* PBXTargetDependency */ = {
			isa = PBXTargetDependency;
			target = 40998F0B2DB6884E00B311E7 /* Project30-BugDetective */;
			targetProxy = 40998F262DB6885400B311E7 /* PBXContainerItemProxy */;
		};
		40998F312DB6885400B311E7 /* PBXTargetDependency */ = {
			isa = PBXTargetDependency;
			target = 40998F0B2DB6884E00B311E7 /* Project30-BugDetective */;
			targetProxy = 40998F302DB6885400B311E7 /* PBXContainerItemProxy */;
		};
/* End PBXTargetDependency section */

/* Begin PBXVariantGroup section */
		40998F482DB688E800B311E7 /* LaunchScreen.xib */ = {
			isa = PBXVariantGroup;
			children = (
				40998F472DB688E800B311E7 /* LaunchScreen.xib */,
			);
			name = LaunchScreen.xib;
			sourceTree = "<group>";
		};
/* End PBXVariantGroup section */

/* Begin XCBuildConfiguration section */
		40998F392DB6885400B311E7 /* Debug */ = {
			isa = XCBuildConfiguration;
			buildSettings = {
				ASSETCATALOG_COMPILER_APPICON_NAME = AppIcon;
				ASSETCATALOG_COMPILER_GLOBAL_ACCENT_COLOR_NAME = AccentColor;
				CODE_SIGN_STYLE = Automatic;
				CURRENT_PROJECT_VERSION = 1;
				DEVELOPMENT_TEAM = M9MT23QW7V;
				GENERATE_INFOPLIST_FILE = YES;
				INFOPLIST_FILE = Project30/Info.plist;
				INFOPLIST_KEY_UIApplicationSupportsIndirectInputEvents = YES;
				INFOPLIST_KEY_UILaunchStoryboardName = LaunchScreen;
				INFOPLIST_KEY_UISupportedInterfaceOrientations_iPad = "UIInterfaceOrientationPortrait UIInterfaceOrientationPortraitUpsideDown UIInterfaceOrientationLandscapeLeft UIInterfaceOrientationLandscapeRight";
				INFOPLIST_KEY_UISupportedInterfaceOrientations_iPhone = "UIInterfaceOrientationPortrait UIInterfaceOrientationLandscapeLeft UIInterfaceOrientationLandscapeRight";
				LD_RUNPATH_SEARCH_PATHS = (
					"$(inherited)",
					"@executable_path/Frameworks",
				);
				MARKETING_VERSION = 1.0;
				PRODUCT_BUNDLE_IDENTIFIER = "noahpope.Project30-BugDetective";
				PRODUCT_NAME = "$(TARGET_NAME)";
				SWIFT_EMIT_LOC_STRINGS = YES;
				SWIFT_VERSION = 5.0;
				TARGETED_DEVICE_FAMILY = "1,2";
			};
			name = Debug;
		};
		40998F3A2DB6885400B311E7 /* Release */ = {
			isa = XCBuildConfiguration;
			buildSettings = {
				ASSETCATALOG_COMPILER_APPICON_NAME = AppIcon;
				ASSETCATALOG_COMPILER_GLOBAL_ACCENT_COLOR_NAME = AccentColor;
				CODE_SIGN_STYLE = Automatic;
				CURRENT_PROJECT_VERSION = 1;
				DEVELOPMENT_TEAM = M9MT23QW7V;
				GENERATE_INFOPLIST_FILE = YES;
				INFOPLIST_FILE = Project30/Info.plist;
				INFOPLIST_KEY_UIApplicationSupportsIndirectInputEvents = YES;
				INFOPLIST_KEY_UILaunchStoryboardName = LaunchScreen;
				INFOPLIST_KEY_UISupportedInterfaceOrientations_iPad = "UIInterfaceOrientationPortrait UIInterfaceOrientationPortraitUpsideDown UIInterfaceOrientationLandscapeLeft UIInterfaceOrientationLandscapeRight";
				INFOPLIST_KEY_UISupportedInterfaceOrientations_iPhone = "UIInterfaceOrientationPortrait UIInterfaceOrientationLandscapeLeft UIInterfaceOrientationLandscapeRight";
				LD_RUNPATH_SEARCH_PATHS = (
					"$(inherited)",
					"@executable_path/Frameworks",
				);
				MARKETING_VERSION = 1.0;
				PRODUCT_BUNDLE_IDENTIFIER = "noahpope.Project30-BugDetective";
				PRODUCT_NAME = "$(TARGET_NAME)";
				SWIFT_EMIT_LOC_STRINGS = YES;
				SWIFT_VERSION = 5.0;
				TARGETED_DEVICE_FAMILY = "1,2";
			};
			name = Release;
		};
		40998F3B2DB6885400B311E7 /* Debug */ = {
			isa = XCBuildConfiguration;
			buildSettings = {
				ALWAYS_SEARCH_USER_PATHS = NO;
				ASSETCATALOG_COMPILER_GENERATE_SWIFT_ASSET_SYMBOL_EXTENSIONS = YES;
				CLANG_ANALYZER_NONNULL = YES;
				CLANG_ANALYZER_NUMBER_OBJECT_CONVERSION = YES_AGGRESSIVE;
				CLANG_CXX_LANGUAGE_STANDARD = "gnu++20";
				CLANG_ENABLE_MODULES = YES;
				CLANG_ENABLE_OBJC_ARC = YES;
				CLANG_ENABLE_OBJC_WEAK = YES;
				CLANG_WARN_BLOCK_CAPTURE_AUTORELEASING = YES;
				CLANG_WARN_BOOL_CONVERSION = YES;
				CLANG_WARN_COMMA = YES;
				CLANG_WARN_CONSTANT_CONVERSION = YES;
				CLANG_WARN_DEPRECATED_OBJC_IMPLEMENTATIONS = YES;
				CLANG_WARN_DIRECT_OBJC_ISA_USAGE = YES_ERROR;
				CLANG_WARN_DOCUMENTATION_COMMENTS = YES;
				CLANG_WARN_EMPTY_BODY = YES;
				CLANG_WARN_ENUM_CONVERSION = YES;
				CLANG_WARN_INFINITE_RECURSION = YES;
				CLANG_WARN_INT_CONVERSION = YES;
				CLANG_WARN_NON_LITERAL_NULL_CONVERSION = YES;
				CLANG_WARN_OBJC_IMPLICIT_RETAIN_SELF = YES;
				CLANG_WARN_OBJC_LITERAL_CONVERSION = YES;
				CLANG_WARN_OBJC_ROOT_CLASS = YES_ERROR;
				CLANG_WARN_QUOTED_INCLUDE_IN_FRAMEWORK_HEADER = YES;
				CLANG_WARN_RANGE_LOOP_ANALYSIS = YES;
				CLANG_WARN_STRICT_PROTOTYPES = YES;
				CLANG_WARN_SUSPICIOUS_MOVE = YES;
				CLANG_WARN_UNGUARDED_AVAILABILITY = YES_AGGRESSIVE;
				CLANG_WARN_UNREACHABLE_CODE = YES;
				CLANG_WARN__DUPLICATE_METHOD_MATCH = YES;
				COPY_PHASE_STRIP = NO;
				DEBUG_INFORMATION_FORMAT = dwarf;
				ENABLE_STRICT_OBJC_MSGSEND = YES;
				ENABLE_TESTABILITY = YES;
				ENABLE_USER_SCRIPT_SANDBOXING = YES;
				GCC_C_LANGUAGE_STANDARD = gnu17;
				GCC_DYNAMIC_NO_PIC = NO;
				GCC_NO_COMMON_BLOCKS = YES;
				GCC_OPTIMIZATION_LEVEL = 0;
				GCC_PREPROCESSOR_DEFINITIONS = (
					"DEBUG=1",
					"$(inherited)",
				);
				GCC_WARN_64_TO_32_BIT_CONVERSION = YES;
				GCC_WARN_ABOUT_RETURN_TYPE = YES_ERROR;
				GCC_WARN_UNDECLARED_SELECTOR = YES;
				GCC_WARN_UNINITIALIZED_AUTOS = YES_AGGRESSIVE;
				GCC_WARN_UNUSED_FUNCTION = YES;
				GCC_WARN_UNUSED_VARIABLE = YES;
				IPHONEOS_DEPLOYMENT_TARGET = 18.2;
				LOCALIZATION_PREFERS_STRING_CATALOGS = YES;
				MTL_ENABLE_DEBUG_INFO = INCLUDE_SOURCE;
				MTL_FAST_MATH = YES;
				ONLY_ACTIVE_ARCH = YES;
				SDKROOT = iphoneos;
				SWIFT_ACTIVE_COMPILATION_CONDITIONS = "DEBUG $(inherited)";
				SWIFT_OPTIMIZATION_LEVEL = "-Onone";
			};
			name = Debug;
		};
		40998F3C2DB6885400B311E7 /* Release */ = {
			isa = XCBuildConfiguration;
			buildSettings = {
				ALWAYS_SEARCH_USER_PATHS = NO;
				ASSETCATALOG_COMPILER_GENERATE_SWIFT_ASSET_SYMBOL_EXTENSIONS = YES;
				CLANG_ANALYZER_NONNULL = YES;
				CLANG_ANALYZER_NUMBER_OBJECT_CONVERSION = YES_AGGRESSIVE;
				CLANG_CXX_LANGUAGE_STANDARD = "gnu++20";
				CLANG_ENABLE_MODULES = YES;
				CLANG_ENABLE_OBJC_ARC = YES;
				CLANG_ENABLE_OBJC_WEAK = YES;
				CLANG_WARN_BLOCK_CAPTURE_AUTORELEASING = YES;
				CLANG_WARN_BOOL_CONVERSION = YES;
				CLANG_WARN_COMMA = YES;
				CLANG_WARN_CONSTANT_CONVERSION = YES;
				CLANG_WARN_DEPRECATED_OBJC_IMPLEMENTATIONS = YES;
				CLANG_WARN_DIRECT_OBJC_ISA_USAGE = YES_ERROR;
				CLANG_WARN_DOCUMENTATION_COMMENTS = YES;
				CLANG_WARN_EMPTY_BODY = YES;
				CLANG_WARN_ENUM_CONVERSION = YES;
				CLANG_WARN_INFINITE_RECURSION = YES;
				CLANG_WARN_INT_CONVERSION = YES;
				CLANG_WARN_NON_LITERAL_NULL_CONVERSION = YES;
				CLANG_WARN_OBJC_IMPLICIT_RETAIN_SELF = YES;
				CLANG_WARN_OBJC_LITERAL_CONVERSION = YES;
				CLANG_WARN_OBJC_ROOT_CLASS = YES_ERROR;
				CLANG_WARN_QUOTED_INCLUDE_IN_FRAMEWORK_HEADER = YES;
				CLANG_WARN_RANGE_LOOP_ANALYSIS = YES;
				CLANG_WARN_STRICT_PROTOTYPES = YES;
				CLANG_WARN_SUSPICIOUS_MOVE = YES;
				CLANG_WARN_UNGUARDED_AVAILABILITY = YES_AGGRESSIVE;
				CLANG_WARN_UNREACHABLE_CODE = YES;
				CLANG_WARN__DUPLICATE_METHOD_MATCH = YES;
				COPY_PHASE_STRIP = NO;
				DEBUG_INFORMATION_FORMAT = "dwarf-with-dsym";
				ENABLE_NS_ASSERTIONS = NO;
				ENABLE_STRICT_OBJC_MSGSEND = YES;
				ENABLE_USER_SCRIPT_SANDBOXING = YES;
				GCC_C_LANGUAGE_STANDARD = gnu17;
				GCC_NO_COMMON_BLOCKS = YES;
				GCC_WARN_64_TO_32_BIT_CONVERSION = YES;
				GCC_WARN_ABOUT_RETURN_TYPE = YES_ERROR;
				GCC_WARN_UNDECLARED_SELECTOR = YES;
				GCC_WARN_UNINITIALIZED_AUTOS = YES_AGGRESSIVE;
				GCC_WARN_UNUSED_FUNCTION = YES;
				GCC_WARN_UNUSED_VARIABLE = YES;
				IPHONEOS_DEPLOYMENT_TARGET = 18.2;
				LOCALIZATION_PREFERS_STRING_CATALOGS = YES;
				MTL_ENABLE_DEBUG_INFO = NO;
				MTL_FAST_MATH = YES;
				SDKROOT = iphoneos;
				SWIFT_COMPILATION_MODE = wholemodule;
				VALIDATE_PRODUCT = YES;
			};
			name = Release;
		};
		40998F3E2DB6885400B311E7 /* Debug */ = {
			isa = XCBuildConfiguration;
			buildSettings = {
				BUNDLE_LOADER = "$(TEST_HOST)";
				CODE_SIGN_STYLE = Automatic;
				CURRENT_PROJECT_VERSION = 1;
				DEVELOPMENT_TEAM = M9MT23QW7V;
				GENERATE_INFOPLIST_FILE = YES;
				IPHONEOS_DEPLOYMENT_TARGET = 18.2;
				MARKETING_VERSION = 1.0;
				PRODUCT_BUNDLE_IDENTIFIER = "noahpope.Project30-BugDetectiveTests";
				PRODUCT_NAME = "$(TARGET_NAME)";
				SWIFT_EMIT_LOC_STRINGS = NO;
				SWIFT_VERSION = 5.0;
				TARGETED_DEVICE_FAMILY = "1,2";
				TEST_HOST = "$(BUILT_PRODUCTS_DIR)/Project30-BugDetective.app/$(BUNDLE_EXECUTABLE_FOLDER_PATH)/Project30-BugDetective";
			};
			name = Debug;
		};
		40998F3F2DB6885400B311E7 /* Release */ = {
			isa = XCBuildConfiguration;
			buildSettings = {
				BUNDLE_LOADER = "$(TEST_HOST)";
				CODE_SIGN_STYLE = Automatic;
				CURRENT_PROJECT_VERSION = 1;
				DEVELOPMENT_TEAM = M9MT23QW7V;
				GENERATE_INFOPLIST_FILE = YES;
				IPHONEOS_DEPLOYMENT_TARGET = 18.2;
				MARKETING_VERSION = 1.0;
				PRODUCT_BUNDLE_IDENTIFIER = "noahpope.Project30-BugDetectiveTests";
				PRODUCT_NAME = "$(TARGET_NAME)";
				SWIFT_EMIT_LOC_STRINGS = NO;
				SWIFT_VERSION = 5.0;
				TARGETED_DEVICE_FAMILY = "1,2";
				TEST_HOST = "$(BUILT_PRODUCTS_DIR)/Project30-BugDetective.app/$(BUNDLE_EXECUTABLE_FOLDER_PATH)/Project30-BugDetective";
			};
			name = Release;
		};
		40998F412DB6885400B311E7 /* Debug */ = {
			isa = XCBuildConfiguration;
			buildSettings = {
				CODE_SIGN_STYLE = Automatic;
				CURRENT_PROJECT_VERSION = 1;
				DEVELOPMENT_TEAM = M9MT23QW7V;
				GENERATE_INFOPLIST_FILE = YES;
				MARKETING_VERSION = 1.0;
				PRODUCT_BUNDLE_IDENTIFIER = "noahpope.Project30-BugDetectiveUITests";
				PRODUCT_NAME = "$(TARGET_NAME)";
				SWIFT_EMIT_LOC_STRINGS = NO;
				SWIFT_VERSION = 5.0;
				TARGETED_DEVICE_FAMILY = "1,2";
				TEST_TARGET_NAME = "Project30-BugDetective";
			};
			name = Debug;
		};
		40998F422DB6885400B311E7 /* Release */ = {
			isa = XCBuildConfiguration;
			buildSettings = {
				CODE_SIGN_STYLE = Automatic;
				CURRENT_PROJECT_VERSION = 1;
				DEVELOPMENT_TEAM = M9MT23QW7V;
				GENERATE_INFOPLIST_FILE = YES;
				MARKETING_VERSION = 1.0;
				PRODUCT_BUNDLE_IDENTIFIER = "noahpope.Project30-BugDetectiveUITests";
				PRODUCT_NAME = "$(TARGET_NAME)";
				SWIFT_EMIT_LOC_STRINGS = NO;
				SWIFT_VERSION = 5.0;
				TARGETED_DEVICE_FAMILY = "1,2";
				TEST_TARGET_NAME = "Project30-BugDetective";
			};
			name = Release;
		};
/* End XCBuildConfiguration section */

/* Begin XCConfigurationList section */
		40998F072DB6884E00B311E7 /* Build configuration list for PBXProject "Project30-BugDetective" */ = {
			isa = XCConfigurationList;
			buildConfigurations = (
				40998F3B2DB6885400B311E7 /* Debug */,
				40998F3C2DB6885400B311E7 /* Release */,
			);
			defaultConfigurationIsVisible = 0;
			defaultConfigurationName = Release;
		};
		40998F382DB6885400B311E7 /* Build configuration list for PBXNativeTarget "Project30-BugDetective" */ = {
			isa = XCConfigurationList;
			buildConfigurations = (
				40998F392DB6885400B311E7 /* Debug */,
				40998F3A2DB6885400B311E7 /* Release */,
			);
			defaultConfigurationIsVisible = 0;
			defaultConfigurationName = Release;
		};
		40998F3D2DB6885400B311E7 /* Build configuration list for PBXNativeTarget "Project30-BugDetectiveTests" */ = {
			isa = XCConfigurationList;
			buildConfigurations = (
				40998F3E2DB6885400B311E7 /* Debug */,
				40998F3F2DB6885400B311E7 /* Release */,
			);
			defaultConfigurationIsVisible = 0;
			defaultConfigurationName = Release;
		};
		40998F402DB6885400B311E7 /* Build configuration list for PBXNativeTarget "Project30-BugDetectiveUITests" */ = {
			isa = XCConfigurationList;
			buildConfigurations = (
				40998F412DB6885400B311E7 /* Debug */,
				40998F422DB6885400B311E7 /* Release */,
			);
			defaultConfigurationIsVisible = 0;
			defaultConfigurationName = Release;
		};
/* End XCConfigurationList section */
	};
	rootObject = 40998F042DB6884E00B311E7 /* Project object */;
}
